
Microsoft Visual Studio Solution File, Format Version 12.00
# Visual Studio Version 16
VisualStudioVersion = 16.0.32929.386
MinimumVisualStudioVersion = 10.0.40219.1
Project("{9A19103F-16F7-4668-BE54-9A1E7A4F7556}") = "ZI", "ZI.csproj", "{8B7C255D-DB36-4EB0-90F9-5F41E4617F9C}"
EndProject
Global
	GlobalSection(SolutionConfigurationPlatforms) = preSolution
		Debug|Any CPU = Debug|Any CPU
		Release|Any CPU = Release|Any CPU
	EndGlobalSection
	GlobalSection(ProjectConfigurationPlatforms) = postSolution
		{8B7C255D-DB36-4EB0-90F9-5F41E4617F9C}.Debug|Any CPU.ActiveCfg = Debug|Any CPU
		{8B7C255D-DB36-4EB0-90F9-5F41E4617F9C}.Debug|Any CPU.Build.0 = Debug|Any CPU
		{8B7C255D-DB36-4EB0-90F9-5F41E4617F9C}.Release|Any CPU.ActiveCfg = Release|Any CPU
		{8B7C255D-DB36-4EB0-90F9-5F41E4617F9C}.Release|Any CPU.Build.0 = Release|Any CPU
	EndGlobalSection
	GlobalSection(SolutionProperties) = preSolution
		HideSolutionNode = FALSE
	EndGlobalSection
	GlobalSection(ExtensibilityGlobals) = postSolution
		SolutionGuid = {9B7A30DA-BF7A-405D-B614-74CFDAE2A8A8}
	EndGlobalSection
EndGlobal
